Microsoft Visual Studio Solution File, Format Version 12.00
# Visual Studio Version 17
VisualStudioVersion = 17.5.2.0
MinimumVisualStudioVersion = 10.0.40219.1
Project("{2150E333-8FDC-42A3-9474-1A3956D46DE8}") = "api", "api", "{D82C56D6-B2CD-F611-9E31-04638F7EC30E}"
EndProject
Project("{FAE04EC0-301F-11D3-BF4B-00C04F79EFBC}") = "Filigrane.Api", "api\Filigrane.Api.csproj", "{AF0A7FB4-52FC-F5F1-D896-2EFBE195C3ED}"
EndProject
Global
	GlobalSection(SolutionConfigurationPlatforms) = preSolution
		Debug|Any CPU = Debug|Any CPU
		Release|Any CPU = Release|Any CPU
	EndGlobalSection
	GlobalSection(ProjectConfigurationPlatforms) = postSolution
		{AF0A7FB4-52FC-F5F1-D896-2EFBE195C3ED}.Debug|Any CPU.ActiveCfg = Debug|Any CPU
		{AF0A7FB4-52FC-F5F1-D896-2EFBE195C3ED}.Debug|Any CPU.Build.0 = Debug|Any CPU
		{AF0A7FB4-52FC-F5F1-D896-2EFBE195C3ED}.Release|Any CPU.ActiveCfg = Release|Any CPU
		{AF0A7FB4-52FC-F5F1-D896-2EFBE195C3ED}.Release|Any CPU.Build.0 = Release|Any CPU
	EndGlobalSection
	GlobalSection(SolutionProperties) = preSolution
		HideSolutionNode = FALSE
	EndGlobalSection
	GlobalSection(NestedProjects) = preSolution
		{AF0A7FB4-52FC-F5F1-D896-2EFBE195C3ED} = {D82C56D6-B2CD-F611-9E31-04638F7EC30E}
	EndGlobalSection
	GlobalSection(ExtensibilityGlobals) = postSolution
		SolutionGuid = {132ADDFE-E35A-4FC3-BD6D-6CA2185B778C}
	EndGlobalSection
EndGlobal
